
Microsoft Visual Studio Solution File, Format Version 12.00
# Visual Studio 14
VisualStudioVersion = 14.0.23107.0
MinimumVisualStudioVersion = 10.0.40219.1
Project("{FAE04EC0-301F-11D3-BF4B-00C04F79EFBC}") = "HuseyinWeb", "HuseyinWeb\HuseyinWeb.csproj", "{27F00688-41AD-4305-AD41-8C90CDDD88F3}"
EndProject
Project("{FAE04EC0-301F-11D3-BF4B-00C04F79EFBC}") = "HuseyinWeb.Tests", "HuseyinWeb.Tests\HuseyinWeb.Tests.csproj", "{6241FA62-3D23-46ED-B12C-CCC980502F78}"
EndProject
Project("{FAE04EC0-301F-11D3-BF4B-00C04F79EFBC}") = "BusinessLibrary", "BusinessLibrary\BusinessLibrary.csproj", "{8E4ADD69-8342-443A-93EE-6636D9FDE8E3}"
EndProject
Project("{FAE04EC0-301F-11D3-BF4B-00C04F79EFBC}") = "DataLibrary", "DataLibrary\DataLibrary.csproj", "{91B4E05E-9506-453C-B9E9-39834BE76CCD}"
EndProject
Project("{FAE04EC0-301F-11D3-BF4B-00C04F79EFBC}") = "ObjectsLibrary", "ObjectsLibrary\ObjectsLibrary.csproj", "{692FF7BA-F56A-44C1-91B1-9F727920B414}"
EndProject
Global
	GlobalSection(SolutionConfigurationPlatforms) = preSolution
		Debug|Any CPU = Debug|Any CPU
		Release|Any CPU = Release|Any CPU
	EndGlobalSection
	GlobalSection(ProjectConfigurationPlatforms) = postSolution
		{27F00688-41AD-4305-AD41-8C90CDDD88F3}.Debug|Any CPU.ActiveCfg = Debug|Any CPU
		{27F00688-41AD-4305-AD41-8C90CDDD88F3}.Debug|Any CPU.Build.0 = Debug|Any CPU
		{27F00688-41AD-4305-AD41-8C90CDDD88F3}.Release|Any CPU.ActiveCfg = Release|Any CPU
		{27F00688-41AD-4305-AD41-8C90CDDD88F3}.Release|Any CPU.Build.0 = Release|Any CPU
		{6241FA62-3D23-46ED-B12C-CCC980502F78}.Debug|Any CPU.ActiveCfg = Debug|Any CPU
		{6241FA62-3D23-46ED-B12C-CCC980502F78}.Debug|Any CPU.Build.0 = Debug|Any CPU
		{6241FA62-3D23-46ED-B12C-CCC980502F78}.Release|Any CPU.ActiveCfg = Release|Any CPU
		{6241FA62-3D23-46ED-B12C-CCC980502F78}.Release|Any CPU.Build.0 = Release|Any CPU
		{8E4ADD69-8342-443A-93EE-6636D9FDE8E3}.Debug|Any CPU.ActiveCfg = Debug|Any CPU
		{8E4ADD69-8342-443A-93EE-6636D9FDE8E3}.Debug|Any CPU.Build.0 = Debug|Any CPU
		{8E4ADD69-8342-443A-93EE-6636D9FDE8E3}.Release|Any CPU.ActiveCfg = Release|Any CPU
		{8E4ADD69-8342-443A-93EE-6636D9FDE8E3}.Release|Any CPU.Build.0 = Release|Any CPU
		{91B4E05E-9506-453C-B9E9-39834BE76CCD}.Debug|Any CPU.ActiveCfg = Debug|Any CPU
		{91B4E05E-9506-453C-B9E9-39834BE76CCD}.Debug|Any CPU.Build.0 = Debug|Any CPU
		{91B4E05E-9506-453C-B9E9-39834BE76CCD}.Release|Any CPU.ActiveCfg = Release|Any CPU
		{91B4E05E-9506-453C-B9E9-39834BE76CCD}.Release|Any CPU.Build.0 = Release|Any CPU
		{692FF7BA-F56A-44C1-91B1-9F727920B414}.Debug|Any CPU.ActiveCfg = Debug|Any CPU
		{692FF7BA-F56A-44C1-91B1-9F727920B414}.Debug|Any CPU.Build.0 = Debug|Any CPU
		{692FF7BA-F56A-44C1-91B1-9F727920B414}.Release|Any CPU.ActiveCfg = Release|Any CPU
		{692FF7BA-F56A-44C1-91B1-9F727920B414}.Release|Any CPU.Build.0 = Release|Any CPU
	EndGlobalSection
	GlobalSection(SolutionProperties) = preSolution
		HideSolutionNode = FALSE
	EndGlobalSection
EndGlobal
